
Microsoft Visual Studio Solution File, Format Version 12.00
# Visual Studio Version 17
VisualStudioVersion = 17.7.34024.191
MinimumVisualStudioVersion = 10.0.40219.1
Project("{FAE04EC0-301F-11D3-BF4B-00C04F79EFBC}") = "Тест на скоропечатение", "Тест на скоропечатение\Тест на скоропечатение.csproj", "{6385FCDC-0B6D-4553-846D-F7776140C19A}"
EndProject
Global
	GlobalSection(SolutionConfigurationPlatforms) = preSolution
		Debug|Any CPU = Debug|Any CPU
		Release|Any CPU = Release|Any CPU
	EndGlobalSection
	GlobalSection(ProjectConfigurationPlatforms) = postSolution
		{6385FCDC-0B6D-4553-846D-F7776140C19A}.Debug|Any CPU.ActiveCfg = Debug|Any CPU
		{6385FCDC-0B6D-4553-846D-F7776140C19A}.Debug|Any CPU.Build.0 = Debug|Any CPU
		{6385FCDC-0B6D-4553-846D-F7776140C19A}.Release|Any CPU.ActiveCfg = Release|Any CPU
		{6385FCDC-0B6D-4553-846D-F7776140C19A}.Release|Any CPU.Build.0 = Release|Any CPU
	EndGlobalSection
	GlobalSection(SolutionProperties) = preSolution
		HideSolutionNode = FALSE
	EndGlobalSection
	GlobalSection(ExtensibilityGlobals) = postSolution
		SolutionGuid = {D64DDA58-CD21-4E1E-92EF-3BB353479CC3}
	EndGlobalSection
EndGlobal
